
Microsoft Visual Studio Solution File, Format Version 12.00
Project("{FAE04EC0-301F-11D3-BF4B-00C04F79EFBC}") = "FrameworkUnitTests", "FrameworkUnitTests\FrameworkUnitTests.csproj", "{C0A5308B-43F3-4A59-AFEC-EE7BA98DC0EB}"
EndProject
Global
	GlobalSection(SolutionConfigurationPlatforms) = preSolution
		Debug|Any CPU = Debug|Any CPU
		Release|Any CPU = Release|Any CPU
	EndGlobalSection
	GlobalSection(ProjectConfigurationPlatforms) = postSolution
		{C0A5308B-43F3-4A59-AFEC-EE7BA98DC0EB}.Debug|Any CPU.ActiveCfg = Debug|Any CPU
		{C0A5308B-43F3-4A59-AFEC-EE7BA98DC0EB}.Debug|Any CPU.Build.0 = Debug|Any CPU
		{C0A5308B-43F3-4A59-AFEC-EE7BA98DC0EB}.Release|Any CPU.ActiveCfg = Release|Any CPU
		{C0A5308B-43F3-4A59-AFEC-EE7BA98DC0EB}.Release|Any CPU.Build.0 = Release|Any CPU
	EndGlobalSection
EndGlobal
